
Microsoft Visual Studio Solution File, Format Version 12.00
# Visual Studio Version 17
VisualStudioVersion = 17.8.34330.188
MinimumVisualStudioVersion = 10.0.40219.1
Project("{9A19103F-16F7-4668-BE54-9A1E7A4F7556}") = "WebDevelopment", "WebDevelopment\WebDevelopment.csproj", "{015DB1BD-3EFD-4A7B-877C-BD5B467AAD62}"
EndProject
Project("{FAE04EC0-301F-11D3-BF4B-00C04F79EFBC}") = "WebDevelopment.DB", "WebDevelopment.DB\WebDevelopment.DB.csproj", "{8CD9EF08-4B3A-4978-A79F-08C19C60E831}"
EndProject
Project("{FAE04EC0-301F-11D3-BF4B-00C04F79EFBC}") = "WebDevelopment.BLL", "WebDevelopment.BLL\WebDevelopment.BLL.csproj", "{C17DD7E0-4EC1-4A32-9718-03B448DA779C}"
EndProject
Global
	GlobalSection(SolutionConfigurationPlatforms) = preSolution
		Debug|Any CPU = Debug|Any CPU
		Release|Any CPU = Release|Any CPU
	EndGlobalSection
	GlobalSection(ProjectConfigurationPlatforms) = postSolution
		{015DB1BD-3EFD-4A7B-877C-BD5B467AAD62}.Debug|Any CPU.ActiveCfg = Debug|Any CPU
		{015DB1BD-3EFD-4A7B-877C-BD5B467AAD62}.Debug|Any CPU.Build.0 = Debug|Any CPU
		{015DB1BD-3EFD-4A7B-877C-BD5B467AAD62}.Release|Any CPU.ActiveCfg = Release|Any CPU
		{015DB1BD-3EFD-4A7B-877C-BD5B467AAD62}.Release|Any CPU.Build.0 = Release|Any CPU
		{8CD9EF08-4B3A-4978-A79F-08C19C60E831}.Debug|Any CPU.ActiveCfg = Debug|Any CPU
		{8CD9EF08-4B3A-4978-A79F-08C19C60E831}.Debug|Any CPU.Build.0 = Debug|Any CPU
		{8CD9EF08-4B3A-4978-A79F-08C19C60E831}.Release|Any CPU.ActiveCfg = Release|Any CPU
		{8CD9EF08-4B3A-4978-A79F-08C19C60E831}.Release|Any CPU.Build.0 = Release|Any CPU
		{C17DD7E0-4EC1-4A32-9718-03B448DA779C}.Debug|Any CPU.ActiveCfg = Debug|Any CPU
		{C17DD7E0-4EC1-4A32-9718-03B448DA779C}.Debug|Any CPU.Build.0 = Debug|Any CPU
		{C17DD7E0-4EC1-4A32-9718-03B448DA779C}.Release|Any CPU.ActiveCfg = Release|Any CPU
		{C17DD7E0-4EC1-4A32-9718-03B448DA779C}.Release|Any CPU.Build.0 = Release|Any CPU
	EndGlobalSection
	GlobalSection(SolutionProperties) = preSolution
		HideSolutionNode = FALSE
	EndGlobalSection
	GlobalSection(ExtensibilityGlobals) = postSolution
		SolutionGuid = {33A15793-7F24-43A3-A0F4-4209C58540A6}
	EndGlobalSection
EndGlobal
